
Microsoft Visual Studio Solution File, Format Version 12.00
# Visual Studio Version 16
VisualStudioVersion = 16.0.30907.101
MinimumVisualStudioVersion = 10.0.40219.1
Project("{F184B08F-C81C-45F6-A57F-5ABD9991F28F}") = "SW_metodo_2", "SW_metodo_2.vbproj", "{87AEA32A-625B-4638-AA3F-29DA262D393B}"
EndProject
Global
	GlobalSection(SolutionConfigurationPlatforms) = preSolution
		Debug|Any CPU = Debug|Any CPU
		Release|Any CPU = Release|Any CPU
	EndGlobalSection
	GlobalSection(ProjectConfigurationPlatforms) = postSolution
		{87AEA32A-625B-4638-AA3F-29DA262D393B}.Debug|Any CPU.ActiveCfg = Debug|Any CPU
		{87AEA32A-625B-4638-AA3F-29DA262D393B}.Debug|Any CPU.Build.0 = Debug|Any CPU
		{87AEA32A-625B-4638-AA3F-29DA262D393B}.Release|Any CPU.ActiveCfg = Release|Any CPU
		{87AEA32A-625B-4638-AA3F-29DA262D393B}.Release|Any CPU.Build.0 = Release|Any CPU
	EndGlobalSection
	GlobalSection(SolutionProperties) = preSolution
		HideSolutionNode = FALSE
	EndGlobalSection
	GlobalSection(ExtensibilityGlobals) = postSolution
		SolutionGuid = {5CEEEBC9-F28F-4E71-8B40-79EC582859C9}
	EndGlobalSection
EndGlobal
